
Microsoft Visual Studio Solution File, Format Version 12.00
# Visual Studio Version 17
VisualStudioVersion = 17.14.36414.22 d17.14
MinimumVisualStudioVersion = 10.0.40219.1
Project("{FAE04EC0-301F-11D3-BF4B-00C04F79EFBC}") = "FormulaValidation", "..\FormulaValidation\FormulaValidation.csproj", "{4E41D561-1294-E743-FC04-178A1679F9BC}"
EndProject
Project("{FAE04EC0-301F-11D3-BF4B-00C04F79EFBC}") = "FormulaValidation.Tests", "..\FormulaValidation.Tests\FormulaValidation.Tests.csproj", "{20F4CCE7-AAAD-7F89-371B-FDC34187B9D8}"
EndProject
Project("{FAE04EC0-301F-11D3-BF4B-00C04F79EFBC}") = "ConsoleAppFormulaValidation", "..\ConsoleAppFormulaValidation\ConsoleAppFormulaValidation.csproj", "{FE37E78A-22A4-FF27-CD27-9D3BAE185520}"
EndProject
Global
	GlobalSection(SolutionConfigurationPlatforms) = preSolution
		Debug|Any CPU = Debug|Any CPU
		Release|Any CPU = Release|Any CPU
	EndGlobalSection
	GlobalSection(ProjectConfigurationPlatforms) = postSolution
		{4E41D561-1294-E743-FC04-178A1679F9BC}.Debug|Any CPU.ActiveCfg = Debug|Any CPU
		{4E41D561-1294-E743-FC04-178A1679F9BC}.Debug|Any CPU.Build.0 = Debug|Any CPU
		{4E41D561-1294-E743-FC04-178A1679F9BC}.Release|Any CPU.ActiveCfg = Release|Any CPU
		{4E41D561-1294-E743-FC04-178A1679F9BC}.Release|Any CPU.Build.0 = Release|Any CPU
		{20F4CCE7-AAAD-7F89-371B-FDC34187B9D8}.Debug|Any CPU.ActiveCfg = Debug|Any CPU
		{20F4CCE7-AAAD-7F89-371B-FDC34187B9D8}.Debug|Any CPU.Build.0 = Debug|Any CPU
		{20F4CCE7-AAAD-7F89-371B-FDC34187B9D8}.Release|Any CPU.ActiveCfg = Release|Any CPU
		{20F4CCE7-AAAD-7F89-371B-FDC34187B9D8}.Release|Any CPU.Build.0 = Release|Any CPU
		{FE37E78A-22A4-FF27-CD27-9D3BAE185520}.Debug|Any CPU.ActiveCfg = Debug|Any CPU
		{FE37E78A-22A4-FF27-CD27-9D3BAE185520}.Debug|Any CPU.Build.0 = Debug|Any CPU
		{FE37E78A-22A4-FF27-CD27-9D3BAE185520}.Release|Any CPU.ActiveCfg = Release|Any CPU
		{FE37E78A-22A4-FF27-CD27-9D3BAE185520}.Release|Any CPU.Build.0 = Release|Any CPU
	EndGlobalSection
	GlobalSection(SolutionProperties) = preSolution
		HideSolutionNode = FALSE
	EndGlobalSection
	GlobalSection(ExtensibilityGlobals) = postSolution
		SolutionGuid = {9D7DF2B2-E99D-43CB-86B7-F4F3CE75AA0D}
	EndGlobalSection
EndGlobal
